
Microsoft Visual Studio Solution File, Format Version 12.00
# Visual Studio Version 17
VisualStudioVersion = 17.10.35122.118
MinimumVisualStudioVersion = 10.0.40219.1
Project("{9A19103F-16F7-4668-BE54-9A1E7A4F7556}") = "Test_多线程", "Test_多线程\Test_多线程.csproj", "{91CE534B-D600-4722-8691-8EC834B39A40}"
EndProject
Project("{9A19103F-16F7-4668-BE54-9A1E7A4F7556}") = "Test_委托", "Test_委托\Test_委托.csproj", "{40819861-A7E2-4A8A-A236-53093DBCE4C2}"
EndProject
Project("{9A19103F-16F7-4668-BE54-9A1E7A4F7556}") = "Test_事件", "Test_事件\Test_事件.csproj", "{7D12153E-085D-4DF0-9135-B452BFBD3BA0}"
EndProject
Project("{9A19103F-16F7-4668-BE54-9A1E7A4F7556}") = "Test_匿名委托", "Test_匿名委托\Test_匿名委托.csproj", "{4FF9689F-307E-417D-A9FD-3E64568173A5}"
EndProject
Project("{9A19103F-16F7-4668-BE54-9A1E7A4F7556}") = "Test_协变逆变", "Test_协变逆变\Test_协变逆变.csproj", "{4040A167-2833-4625-AB84-E3130A635EB8}"
EndProject
Project("{9A19103F-16F7-4668-BE54-9A1E7A4F7556}") = "Test_特性", "Test_特性\Test_特性.csproj", "{69DEF55E-E5DF-46DB-A65C-1E8469525C16}"
EndProject
Project("{9A19103F-16F7-4668-BE54-9A1E7A4F7556}") = "Test_拓展方法", "Test_拓展方法\Test_拓展方法.csproj", "{5C05C648-086C-4282-AA49-5CD2F0BA5525}"
EndProject
Project("{9A19103F-16F7-4668-BE54-9A1E7A4F7556}") = "Test_反射", "Test_反射\Test_反射.csproj", "{1CAB6FC7-5BFE-41E1-BB50-2FF12FFF97D8}"
EndProject
Project("{9A19103F-16F7-4668-BE54-9A1E7A4F7556}") = "匿名函数", "匿名函数\匿名函数.csproj", "{21F7B52B-501C-453B-8D74-2F280734F89B}"
EndProject
Project("{9A19103F-16F7-4668-BE54-9A1E7A4F7556}") = "迭代器", "迭代器\迭代器.csproj", "{65A8E3CA-4B03-4800-A8B7-9861FD9C3FE7}"
EndProject
Project("{9A19103F-16F7-4668-BE54-9A1E7A4F7556}") = "Test_集合", "Test_集合\Test_集合.csproj", "{3BDB9151-6F9D-4983-82AE-58F742A9B938}"
EndProject
Project("{9A19103F-16F7-4668-BE54-9A1E7A4F7556}") = "Test_单例模式", "Test_单例模式\Test_单例模式.csproj", "{7EC53781-B710-4FD0-9D48-994CA038F48B}"
EndProject
Project("{9A19103F-16F7-4668-BE54-9A1E7A4F7556}") = "Test_枚举", "Test_枚举\Test_枚举.csproj", "{306556D5-71ED-4DF6-82C7-2B446AE9E1B2}"
EndProject
Project("{9A19103F-16F7-4668-BE54-9A1E7A4F7556}") = "Test_异常捕获", "Test_异常捕获\Test_异常捕获.csproj", "{9EE552D2-8A06-4D6E-B2FB-55D31EAF7F24}"
EndProject
Project("{9A19103F-16F7-4668-BE54-9A1E7A4F7556}") = "Test_值类型和引用类", "Test_值类型和引用类型\Test_值类型和引用类.csproj", "{2762BA52-ED3E-4A84-847E-E1AC7D7F6F2C}"
EndProject
Project("{9A19103F-16F7-4668-BE54-9A1E7A4F7556}") = "Test_特殊的引用类型String", "Test_特殊的引用类型\Test_特殊的引用类型String.csproj", "{7EBD8CD4-79B3-4237-9926-3EEA1A05E2BD}"
EndProject
Project("{9A19103F-16F7-4668-BE54-9A1E7A4F7556}") = "Test_基础实践_1", "Test_基础实践_1\Test_基础实践_1.csproj", "{719BFF2D-C1DB-45E7-A6FB-D02737B027A8}"
EndProject
Project("{FAE04EC0-301F-11D3-BF4B-00C04F79EFBC}") = "Test_索引器", "Test_索引器\Test_索引器.csproj", "{9AE4D763-6F96-43EC-9727-549366868400}"
EndProject
Project("{FAE04EC0-301F-11D3-BF4B-00C04F79EFBC}") = "Test_里氏替换原则", "Test_里氏替换原则\Test_里氏替换原则.csproj", "{FD28AAEB-5F2B-4A46-BD34-38F148E44E41}"
EndProject
Project("{FAE04EC0-301F-11D3-BF4B-00C04F79EFBC}") = "Test_多态", "Test_多态\Test_多态.csproj", "{B22DE673-5534-4B31-8DB1-ED2FAB72CFA7}"
EndProject
Project("{FAE04EC0-301F-11D3-BF4B-00C04F79EFBC}") = "Test_抽象", "Test_抽象\Test_抽象.csproj", "{30A42675-538E-4D16-AC57-560794596ACC}"
EndProject
Project("{FAE04EC0-301F-11D3-BF4B-00C04F79EFBC}") = "Test_接口", "Test_接口\Test_接口.csproj", "{A2AB7BC8-6DF4-4E34-9E2C-64245E8FEC6C}"
EndProject
Project("{FAE04EC0-301F-11D3-BF4B-00C04F79EFBC}") = "Test_Object", "Test_Object\Test_Object.csproj", "{1F0C0834-54B8-4543-9947-8F2CE8B25214}"
EndProject
Project("{FAE04EC0-301F-11D3-BF4B-00C04F79EFBC}") = "Test_ArrayList", "Test_ArrayList\Test_ArrayList.csproj", "{6357E10A-5BCB-4CF9-8610-B0857C3D3E66}"
EndProject
Project("{FAE04EC0-301F-11D3-BF4B-00C04F79EFBC}") = "Test_泛型", "Test_泛型\Test_泛型.csproj", "{C75FD628-F56E-467C-8CCB-409E34924CC9}"
EndProject
Project("{FAE04EC0-301F-11D3-BF4B-00C04F79EFBC}") = "Test_泛型约束", "泛型约束\Test_泛型约束.csproj", "{5E88427A-E1E8-4FED-9639-9E20138773CF}"
EndProject
Project("{FAE04EC0-301F-11D3-BF4B-00C04F79EFBC}") = "Test_List", "Test_List\Test_List.csproj", "{3EF0EADD-6FB3-4DCE-BB6B-E5C08691682A}"
EndProject
Project("{FAE04EC0-301F-11D3-BF4B-00C04F79EFBC}") = "Test_预处理器指令", "Test_预处理器指令\Test_预处理器指令.csproj", "{A0DB03C5-59B8-413C-9D5E-914FD6C8C9D3}"
EndProject
Project("{FAE04EC0-301F-11D3-BF4B-00C04F79EFBC}") = "Test_成员属性", "Test_成员属性\Test_成员属性.csproj", "{3B6A76BB-2751-4EAD-82AE-23FF89D605F8}"
EndProject
Project("{FAE04EC0-301F-11D3-BF4B-00C04F79EFBC}") = "Test_特殊语法", "Test_特殊语法\Test_特殊语法.csproj", "{F30AA75A-CA3C-445B-BD00-9FD8F3DB8C8C}"
EndProject
Project("{FAE04EC0-301F-11D3-BF4B-00C04F79EFBC}") = "Test_错误处理", "Test_错误处理\Test_错误处理.csproj", "{78C3C607-956D-4976-B50A-1A73F87A75DA}"
EndProject
Project("{FAE04EC0-301F-11D3-BF4B-00C04F79EFBC}") = "Test_CardClient", "Test_CardClient\Test_CardClient.csproj", "{D62D7EFC-172D-460D-8EF3-2799A3409109}"
EndProject
Project("{FAE04EC0-301F-11D3-BF4B-00C04F79EFBC}") = "Test_CardLib", "Test_CardLib\Test_CardLib.csproj", "{67F02280-7C49-4953-A732-D72DA95BBF76}"
EndProject
Project("{FAE04EC0-301F-11D3-BF4B-00C04F79EFBC}") = "测试使用", "测试使用\测试使用.csproj", "{7D78980A-4EBD-439F-85EF-991155FB4BEE}"
EndProject
Project("{FAE04EC0-301F-11D3-BF4B-00C04F79EFBC}") = "Test_知识巩固实验小项目", "Test_知识巩固实验小项目\Test_知识巩固实验小项目.csproj", "{AC1A611D-8946-4400-8C04-204DCBB28B19}"
EndProject
Project("{FAE04EC0-301F-11D3-BF4B-00C04F79EFBC}") = "Test_Stack", "Test_Stack\Test_Stack.csproj", "{451E648C-E68D-491A-B0FF-81EE0ECAA22D}"
EndProject
Project("{FAE04EC0-301F-11D3-BF4B-00C04F79EFBC}") = "Test_Queue", "Test_Queue\Test_Queue.csproj", "{E2A1820A-864D-47C3-93D3-E1447DEC9305}"
EndProject
Project("{FAE04EC0-301F-11D3-BF4B-00C04F79EFBC}") = "Test_Hashtable", "Test_Hashtable\Test_Hashtable.csproj", "{60A68C82-6009-456D-9732-D9BAF59FDB38}"
EndProject
Project("{FAE04EC0-301F-11D3-BF4B-00C04F79EFBC}") = "Test_Dictionary", "Test_Dictionary\Test_Dictionary.csproj", "{9EAACCB7-5B0E-487D-BB2B-3D7F7EC786AF}"
EndProject
Project("{FAE04EC0-301F-11D3-BF4B-00C04F79EFBC}") = "Test_顺序存储和链式存储", "Test_顺序存储和链式存储\Test_顺序存储和链式存储.csproj", "{AB5E3B67-CE4A-4B9D-ADCB-6FBCD71442BE}"
EndProject
Project("{FAE04EC0-301F-11D3-BF4B-00C04F79EFBC}") = "Test_Linq", "Test_Linq\Test_Linq.csproj", "{20F7D0B5-1767-4C4E-A12D-96000F99C2F6}"
EndProject
Project("{FAE04EC0-301F-11D3-BF4B-00C04F79EFBC}") = "Test_深度拷贝", "Test_深度拷贝\Test_深度拷贝.csproj", "{D6A9D136-D6FA-4E4A-A313-C9AE00C9D3FA}"
EndProject
Project("{FAE04EC0-301F-11D3-BF4B-00C04F79EFBC}") = "Test_比较", "Test_比较\Test_比较.csproj", "{3FCE395B-7CD7-4F50-A9AA-84CBD2BE7CF9}"
EndProject
Project("{FAE04EC0-301F-11D3-BF4B-00C04F79EFBC}") = "Test_文件", "Test_文件\Test_文件.csproj", "{739ADFBC-06F6-4F94-8F03-55EEA07E6F6C}"
EndProject
Global
	GlobalSection(SolutionConfigurationPlatforms) = preSolution
		Debug|Any CPU = Debug|Any CPU
		Release|Any CPU = Release|Any CPU
	EndGlobalSection
	GlobalSection(ProjectConfigurationPlatforms) = postSolution
		{91CE534B-D600-4722-8691-8EC834B39A40}.Debug|Any CPU.ActiveCfg = Debug|Any CPU
		{91CE534B-D600-4722-8691-8EC834B39A40}.Debug|Any CPU.Build.0 = Debug|Any CPU
		{91CE534B-D600-4722-8691-8EC834B39A40}.Release|Any CPU.ActiveCfg = Release|Any CPU
		{91CE534B-D600-4722-8691-8EC834B39A40}.Release|Any CPU.Build.0 = Release|Any CPU
		{40819861-A7E2-4A8A-A236-53093DBCE4C2}.Debug|Any CPU.ActiveCfg = Debug|Any CPU
		{40819861-A7E2-4A8A-A236-53093DBCE4C2}.Debug|Any CPU.Build.0 = Debug|Any CPU
		{40819861-A7E2-4A8A-A236-53093DBCE4C2}.Release|Any CPU.ActiveCfg = Release|Any CPU
		{40819861-A7E2-4A8A-A236-53093DBCE4C2}.Release|Any CPU.Build.0 = Release|Any CPU
		{7D12153E-085D-4DF0-9135-B452BFBD3BA0}.Debug|Any CPU.ActiveCfg = Debug|Any CPU
		{7D12153E-085D-4DF0-9135-B452BFBD3BA0}.Debug|Any CPU.Build.0 = Debug|Any CPU
		{7D12153E-085D-4DF0-9135-B452BFBD3BA0}.Release|Any CPU.ActiveCfg = Release|Any CPU
		{7D12153E-085D-4DF0-9135-B452BFBD3BA0}.Release|Any CPU.Build.0 = Release|Any CPU
		{4FF9689F-307E-417D-A9FD-3E64568173A5}.Debug|Any CPU.ActiveCfg = Debug|Any CPU
		{4FF9689F-307E-417D-A9FD-3E64568173A5}.Debug|Any CPU.Build.0 = Debug|Any CPU
		{4FF9689F-307E-417D-A9FD-3E64568173A5}.Release|Any CPU.ActiveCfg = Release|Any CPU
		{4FF9689F-307E-417D-A9FD-3E64568173A5}.Release|Any CPU.Build.0 = Release|Any CPU
		{4040A167-2833-4625-AB84-E3130A635EB8}.Debug|Any CPU.ActiveCfg = Debug|Any CPU
		{4040A167-2833-4625-AB84-E3130A635EB8}.Debug|Any CPU.Build.0 = Debug|Any CPU
		{4040A167-2833-4625-AB84-E3130A635EB8}.Release|Any CPU.ActiveCfg = Release|Any CPU
		{4040A167-2833-4625-AB84-E3130A635EB8}.Release|Any CPU.Build.0 = Release|Any CPU
		{69DEF55E-E5DF-46DB-A65C-1E8469525C16}.Debug|Any CPU.ActiveCfg = Debug|Any CPU
		{69DEF55E-E5DF-46DB-A65C-1E8469525C16}.Debug|Any CPU.Build.0 = Debug|Any CPU
		{69DEF55E-E5DF-46DB-A65C-1E8469525C16}.Release|Any CPU.ActiveCfg = Release|Any CPU
		{69DEF55E-E5DF-46DB-A65C-1E8469525C16}.Release|Any CPU.Build.0 = Release|Any CPU
		{5C05C648-086C-4282-AA49-5CD2F0BA5525}.Debug|Any CPU.ActiveCfg = Debug|Any CPU
		{5C05C648-086C-4282-AA49-5CD2F0BA5525}.Debug|Any CPU.Build.0 = Debug|Any CPU
		{5C05C648-086C-4282-AA49-5CD2F0BA5525}.Release|Any CPU.ActiveCfg = Release|Any CPU
		{5C05C648-086C-4282-AA49-5CD2F0BA5525}.Release|Any CPU.Build.0 = Release|Any CPU
		{1CAB6FC7-5BFE-41E1-BB50-2FF12FFF97D8}.Debug|Any CPU.ActiveCfg = Debug|Any CPU
		{1CAB6FC7-5BFE-41E1-BB50-2FF12FFF97D8}.Debug|Any CPU.Build.0 = Debug|Any CPU
		{1CAB6FC7-5BFE-41E1-BB50-2FF12FFF97D8}.Release|Any CPU.ActiveCfg = Release|Any CPU
		{1CAB6FC7-5BFE-41E1-BB50-2FF12FFF97D8}.Release|Any CPU.Build.0 = Release|Any CPU
		{21F7B52B-501C-453B-8D74-2F280734F89B}.Debug|Any CPU.ActiveCfg = Debug|Any CPU
		{21F7B52B-501C-453B-8D74-2F280734F89B}.Debug|Any CPU.Build.0 = Debug|Any CPU
		{21F7B52B-501C-453B-8D74-2F280734F89B}.Release|Any CPU.ActiveCfg = Release|Any CPU
		{21F7B52B-501C-453B-8D74-2F280734F89B}.Release|Any CPU.Build.0 = Release|Any CPU
		{65A8E3CA-4B03-4800-A8B7-9861FD9C3FE7}.Debug|Any CPU.ActiveCfg = Debug|Any CPU
		{65A8E3CA-4B03-4800-A8B7-9861FD9C3FE7}.Debug|Any CPU.Build.0 = Debug|Any CPU
		{65A8E3CA-4B03-4800-A8B7-9861FD9C3FE7}.Release|Any CPU.ActiveCfg = Release|Any CPU
		{65A8E3CA-4B03-4800-A8B7-9861FD9C3FE7}.Release|Any CPU.Build.0 = Release|Any CPU
		{3BDB9151-6F9D-4983-82AE-58F742A9B938}.Debug|Any CPU.ActiveCfg = Debug|Any CPU
		{3BDB9151-6F9D-4983-82AE-58F742A9B938}.Debug|Any CPU.Build.0 = Debug|Any CPU
		{3BDB9151-6F9D-4983-82AE-58F742A9B938}.Release|Any CPU.ActiveCfg = Release|Any CPU
		{3BDB9151-6F9D-4983-82AE-58F742A9B938}.Release|Any CPU.Build.0 = Release|Any CPU
		{7EC53781-B710-4FD0-9D48-994CA038F48B}.Debug|Any CPU.ActiveCfg = Debug|Any CPU
		{7EC53781-B710-4FD0-9D48-994CA038F48B}.Debug|Any CPU.Build.0 = Debug|Any CPU
		{7EC53781-B710-4FD0-9D48-994CA038F48B}.Release|Any CPU.ActiveCfg = Release|Any CPU
		{7EC53781-B710-4FD0-9D48-994CA038F48B}.Release|Any CPU.Build.0 = Release|Any CPU
		{306556D5-71ED-4DF6-82C7-2B446AE9E1B2}.Debug|Any CPU.ActiveCfg = Debug|Any CPU
		{306556D5-71ED-4DF6-82C7-2B446AE9E1B2}.Debug|Any CPU.Build.0 = Debug|Any CPU
		{306556D5-71ED-4DF6-82C7-2B446AE9E1B2}.Release|Any CPU.ActiveCfg = Release|Any CPU
		{306556D5-71ED-4DF6-82C7-2B446AE9E1B2}.Release|Any CPU.Build.0 = Release|Any CPU
		{9EE552D2-8A06-4D6E-B2FB-55D31EAF7F24}.Debug|Any CPU.ActiveCfg = Debug|Any CPU
		{9EE552D2-8A06-4D6E-B2FB-55D31EAF7F24}.Debug|Any CPU.Build.0 = Debug|Any CPU
		{9EE552D2-8A06-4D6E-B2FB-55D31EAF7F24}.Release|Any CPU.ActiveCfg = Release|Any CPU
		{9EE552D2-8A06-4D6E-B2FB-55D31EAF7F24}.Release|Any CPU.Build.0 = Release|Any CPU
		{2762BA52-ED3E-4A84-847E-E1AC7D7F6F2C}.Debug|Any CPU.ActiveCfg = Debug|Any CPU
		{2762BA52-ED3E-4A84-847E-E1AC7D7F6F2C}.Debug|Any CPU.Build.0 = Debug|Any CPU
		{2762BA52-ED3E-4A84-847E-E1AC7D7F6F2C}.Release|Any CPU.ActiveCfg = Release|Any CPU
		{2762BA52-ED3E-4A84-847E-E1AC7D7F6F2C}.Release|Any CPU.Build.0 = Release|Any CPU
		{7EBD8CD4-79B3-4237-9926-3EEA1A05E2BD}.Debug|Any CPU.ActiveCfg = Debug|Any CPU
		{7EBD8CD4-79B3-4237-9926-3EEA1A05E2BD}.Debug|Any CPU.Build.0 = Debug|Any CPU
		{7EBD8CD4-79B3-4237-9926-3EEA1A05E2BD}.Release|Any CPU.ActiveCfg = Release|Any CPU
		{7EBD8CD4-79B3-4237-9926-3EEA1A05E2BD}.Release|Any CPU.Build.0 = Release|Any CPU
		{719BFF2D-C1DB-45E7-A6FB-D02737B027A8}.Debug|Any CPU.ActiveCfg = Debug|Any CPU
		{719BFF2D-C1DB-45E7-A6FB-D02737B027A8}.Debug|Any CPU.Build.0 = Debug|Any CPU
		{719BFF2D-C1DB-45E7-A6FB-D02737B027A8}.Release|Any CPU.ActiveCfg = Release|Any CPU
		{719BFF2D-C1DB-45E7-A6FB-D02737B027A8}.Release|Any CPU.Build.0 = Release|Any CPU
		{9AE4D763-6F96-43EC-9727-549366868400}.Debug|Any CPU.ActiveCfg = Debug|Any CPU
		{9AE4D763-6F96-43EC-9727-549366868400}.Debug|Any CPU.Build.0 = Debug|Any CPU
		{9AE4D763-6F96-43EC-9727-549366868400}.Release|Any CPU.ActiveCfg = Release|Any CPU
		{9AE4D763-6F96-43EC-9727-549366868400}.Release|Any CPU.Build.0 = Release|Any CPU
		{FD28AAEB-5F2B-4A46-BD34-38F148E44E41}.Debug|Any CPU.ActiveCfg = Debug|Any CPU
		{FD28AAEB-5F2B-4A46-BD34-38F148E44E41}.Debug|Any CPU.Build.0 = Debug|Any CPU
		{FD28AAEB-5F2B-4A46-BD34-38F148E44E41}.Release|Any CPU.ActiveCfg = Release|Any CPU
		{FD28AAEB-5F2B-4A46-BD34-38F148E44E41}.Release|Any CPU.Build.0 = Release|Any CPU
		{B22DE673-5534-4B31-8DB1-ED2FAB72CFA7}.Debug|Any CPU.ActiveCfg = Debug|Any CPU
		{B22DE673-5534-4B31-8DB1-ED2FAB72CFA7}.Debug|Any CPU.Build.0 = Debug|Any CPU
		{B22DE673-5534-4B31-8DB1-ED2FAB72CFA7}.Release|Any CPU.ActiveCfg = Release|Any CPU
		{B22DE673-5534-4B31-8DB1-ED2FAB72CFA7}.Release|Any CPU.Build.0 = Release|Any CPU
		{30A42675-538E-4D16-AC57-560794596ACC}.Debug|Any CPU.ActiveCfg = Debug|Any CPU
		{30A42675-538E-4D16-AC57-560794596ACC}.Debug|Any CPU.Build.0 = Debug|Any CPU
		{30A42675-538E-4D16-AC57-560794596ACC}.Release|Any CPU.ActiveCfg = Release|Any CPU
		{30A42675-538E-4D16-AC57-560794596ACC}.Release|Any CPU.Build.0 = Release|Any CPU
		{A2AB7BC8-6DF4-4E34-9E2C-64245E8FEC6C}.Debug|Any CPU.ActiveCfg = Debug|Any CPU
		{A2AB7BC8-6DF4-4E34-9E2C-64245E8FEC6C}.Debug|Any CPU.Build.0 = Debug|Any CPU
		{A2AB7BC8-6DF4-4E34-9E2C-64245E8FEC6C}.Release|Any CPU.ActiveCfg = Release|Any CPU
		{A2AB7BC8-6DF4-4E34-9E2C-64245E8FEC6C}.Release|Any CPU.Build.0 = Release|Any CPU
		{1F0C0834-54B8-4543-9947-8F2CE8B25214}.Debug|Any CPU.ActiveCfg = Debug|Any CPU
		{1F0C0834-54B8-4543-9947-8F2CE8B25214}.Debug|Any CPU.Build.0 = Debug|Any CPU
		{1F0C0834-54B8-4543-9947-8F2CE8B25214}.Release|Any CPU.ActiveCfg = Release|Any CPU
		{1F0C0834-54B8-4543-9947-8F2CE8B25214}.Release|Any CPU.Build.0 = Release|Any CPU
		{6357E10A-5BCB-4CF9-8610-B0857C3D3E66}.Debug|Any CPU.ActiveCfg = Debug|Any CPU
		{6357E10A-5BCB-4CF9-8610-B0857C3D3E66}.Debug|Any CPU.Build.0 = Debug|Any CPU
		{6357E10A-5BCB-4CF9-8610-B0857C3D3E66}.Release|Any CPU.ActiveCfg = Release|Any CPU
		{6357E10A-5BCB-4CF9-8610-B0857C3D3E66}.Release|Any CPU.Build.0 = Release|Any CPU
		{C75FD628-F56E-467C-8CCB-409E34924CC9}.Debug|Any CPU.ActiveCfg = Debug|Any CPU
		{C75FD628-F56E-467C-8CCB-409E34924CC9}.Debug|Any CPU.Build.0 = Debug|Any CPU
		{C75FD628-F56E-467C-8CCB-409E34924CC9}.Release|Any CPU.ActiveCfg = Release|Any CPU
		{C75FD628-F56E-467C-8CCB-409E34924CC9}.Release|Any CPU.Build.0 = Release|Any CPU
		{5E88427A-E1E8-4FED-9639-9E20138773CF}.Debug|Any CPU.ActiveCfg = Debug|Any CPU
		{5E88427A-E1E8-4FED-9639-9E20138773CF}.Debug|Any CPU.Build.0 = Debug|Any CPU
		{5E88427A-E1E8-4FED-9639-9E20138773CF}.Release|Any CPU.ActiveCfg = Release|Any CPU
		{5E88427A-E1E8-4FED-9639-9E20138773CF}.Release|Any CPU.Build.0 = Release|Any CPU
		{3EF0EADD-6FB3-4DCE-BB6B-E5C08691682A}.Debug|Any CPU.ActiveCfg = Debug|Any CPU
		{3EF0EADD-6FB3-4DCE-BB6B-E5C08691682A}.Debug|Any CPU.Build.0 = Debug|Any CPU
		{3EF0EADD-6FB3-4DCE-BB6B-E5C08691682A}.Release|Any CPU.ActiveCfg = Release|Any CPU
		{3EF0EADD-6FB3-4DCE-BB6B-E5C08691682A}.Release|Any CPU.Build.0 = Release|Any CPU
		{A0DB03C5-59B8-413C-9D5E-914FD6C8C9D3}.Debug|Any CPU.ActiveCfg = Debug|Any CPU
		{A0DB03C5-59B8-413C-9D5E-914FD6C8C9D3}.Debug|Any CPU.Build.0 = Debug|Any CPU
		{A0DB03C5-59B8-413C-9D5E-914FD6C8C9D3}.Release|Any CPU.ActiveCfg = Release|Any CPU
		{A0DB03C5-59B8-413C-9D5E-914FD6C8C9D3}.Release|Any CPU.Build.0 = Release|Any CPU
		{3B6A76BB-2751-4EAD-82AE-23FF89D605F8}.Debug|Any CPU.ActiveCfg = Debug|Any CPU
		{3B6A76BB-2751-4EAD-82AE-23FF89D605F8}.Debug|Any CPU.Build.0 = Debug|Any CPU
		{3B6A76BB-2751-4EAD-82AE-23FF89D605F8}.Release|Any CPU.ActiveCfg = Release|Any CPU
		{3B6A76BB-2751-4EAD-82AE-23FF89D605F8}.Release|Any CPU.Build.0 = Release|Any CPU
		{F30AA75A-CA3C-445B-BD00-9FD8F3DB8C8C}.Debug|Any CPU.ActiveCfg = Debug|Any CPU
		{F30AA75A-CA3C-445B-BD00-9FD8F3DB8C8C}.Debug|Any CPU.Build.0 = Debug|Any CPU
		{F30AA75A-CA3C-445B-BD00-9FD8F3DB8C8C}.Release|Any CPU.ActiveCfg = Release|Any CPU
		{F30AA75A-CA3C-445B-BD00-9FD8F3DB8C8C}.Release|Any CPU.Build.0 = Release|Any CPU
		{78C3C607-956D-4976-B50A-1A73F87A75DA}.Debug|Any CPU.ActiveCfg = Debug|Any CPU
		{78C3C607-956D-4976-B50A-1A73F87A75DA}.Debug|Any CPU.Build.0 = Debug|Any CPU
		{78C3C607-956D-4976-B50A-1A73F87A75DA}.Release|Any CPU.ActiveCfg = Release|Any CPU
		{78C3C607-956D-4976-B50A-1A73F87A75DA}.Release|Any CPU.Build.0 = Release|Any CPU
		{D62D7EFC-172D-460D-8EF3-2799A3409109}.Debug|Any CPU.ActiveCfg = Debug|Any CPU
		{D62D7EFC-172D-460D-8EF3-2799A3409109}.Debug|Any CPU.Build.0 = Debug|Any CPU
		{D62D7EFC-172D-460D-8EF3-2799A3409109}.Release|Any CPU.ActiveCfg = Release|Any CPU
		{D62D7EFC-172D-460D-8EF3-2799A3409109}.Release|Any CPU.Build.0 = Release|Any CPU
		{67F02280-7C49-4953-A732-D72DA95BBF76}.Debug|Any CPU.ActiveCfg = Debug|Any CPU
		{67F02280-7C49-4953-A732-D72DA95BBF76}.Debug|Any CPU.Build.0 = Debug|Any CPU
		{67F02280-7C49-4953-A732-D72DA95BBF76}.Release|Any CPU.ActiveCfg = Release|Any CPU
		{67F02280-7C49-4953-A732-D72DA95BBF76}.Release|Any CPU.Build.0 = Release|Any CPU
		{7D78980A-4EBD-439F-85EF-991155FB4BEE}.Debug|Any CPU.ActiveCfg = Debug|Any CPU
		{7D78980A-4EBD-439F-85EF-991155FB4BEE}.Debug|Any CPU.Build.0 = Debug|Any CPU
		{7D78980A-4EBD-439F-85EF-991155FB4BEE}.Release|Any CPU.ActiveCfg = Release|Any CPU
		{7D78980A-4EBD-439F-85EF-991155FB4BEE}.Release|Any CPU.Build.0 = Release|Any CPU
		{AC1A611D-8946-4400-8C04-204DCBB28B19}.Debug|Any CPU.ActiveCfg = Debug|Any CPU
		{AC1A611D-8946-4400-8C04-204DCBB28B19}.Debug|Any CPU.Build.0 = Debug|Any CPU
		{AC1A611D-8946-4400-8C04-204DCBB28B19}.Release|Any CPU.ActiveCfg = Release|Any CPU
		{AC1A611D-8946-4400-8C04-204DCBB28B19}.Release|Any CPU.Build.0 = Release|Any CPU
		{451E648C-E68D-491A-B0FF-81EE0ECAA22D}.Debug|Any CPU.ActiveCfg = Debug|Any CPU
		{451E648C-E68D-491A-B0FF-81EE0ECAA22D}.Debug|Any CPU.Build.0 = Debug|Any CPU
		{451E648C-E68D-491A-B0FF-81EE0ECAA22D}.Release|Any CPU.ActiveCfg = Release|Any CPU
		{451E648C-E68D-491A-B0FF-81EE0ECAA22D}.Release|Any CPU.Build.0 = Release|Any CPU
		{E2A1820A-864D-47C3-93D3-E1447DEC9305}.Debug|Any CPU.ActiveCfg = Debug|Any CPU
		{E2A1820A-864D-47C3-93D3-E1447DEC9305}.Debug|Any CPU.Build.0 = Debug|Any CPU
		{E2A1820A-864D-47C3-93D3-E1447DEC9305}.Release|Any CPU.ActiveCfg = Release|Any CPU
		{E2A1820A-864D-47C3-93D3-E1447DEC9305}.Release|Any CPU.Build.0 = Release|Any CPU
		{60A68C82-6009-456D-9732-D9BAF59FDB38}.Debug|Any CPU.ActiveCfg = Debug|Any CPU
		{60A68C82-6009-456D-9732-D9BAF59FDB38}.Debug|Any CPU.Build.0 = Debug|Any CPU
		{60A68C82-6009-456D-9732-D9BAF59FDB38}.Release|Any CPU.ActiveCfg = Release|Any CPU
		{60A68C82-6009-456D-9732-D9BAF59FDB38}.Release|Any CPU.Build.0 = Release|Any CPU
		{9EAACCB7-5B0E-487D-BB2B-3D7F7EC786AF}.Debug|Any CPU.ActiveCfg = Debug|Any CPU
		{9EAACCB7-5B0E-487D-BB2B-3D7F7EC786AF}.Debug|Any CPU.Build.0 = Debug|Any CPU
		{9EAACCB7-5B0E-487D-BB2B-3D7F7EC786AF}.Release|Any CPU.ActiveCfg = Release|Any CPU
		{9EAACCB7-5B0E-487D-BB2B-3D7F7EC786AF}.Release|Any CPU.Build.0 = Release|Any CPU
		{AB5E3B67-CE4A-4B9D-ADCB-6FBCD71442BE}.Debug|Any CPU.ActiveCfg = Debug|Any CPU
		{AB5E3B67-CE4A-4B9D-ADCB-6FBCD71442BE}.Debug|Any CPU.Build.0 = Debug|Any CPU
		{AB5E3B67-CE4A-4B9D-ADCB-6FBCD71442BE}.Release|Any CPU.ActiveCfg = Release|Any CPU
		{AB5E3B67-CE4A-4B9D-ADCB-6FBCD71442BE}.Release|Any CPU.Build.0 = Release|Any CPU
		{20F7D0B5-1767-4C4E-A12D-96000F99C2F6}.Debug|Any CPU.ActiveCfg = Debug|Any CPU
		{20F7D0B5-1767-4C4E-A12D-96000F99C2F6}.Debug|Any CPU.Build.0 = Debug|Any CPU
		{20F7D0B5-1767-4C4E-A12D-96000F99C2F6}.Release|Any CPU.ActiveCfg = Release|Any CPU
		{20F7D0B5-1767-4C4E-A12D-96000F99C2F6}.Release|Any CPU.Build.0 = Release|Any CPU
		{D6A9D136-D6FA-4E4A-A313-C9AE00C9D3FA}.Debug|Any CPU.ActiveCfg = Debug|Any CPU
		{D6A9D136-D6FA-4E4A-A313-C9AE00C9D3FA}.Debug|Any CPU.Build.0 = Debug|Any CPU
		{D6A9D136-D6FA-4E4A-A313-C9AE00C9D3FA}.Release|Any CPU.ActiveCfg = Release|Any CPU
		{D6A9D136-D6FA-4E4A-A313-C9AE00C9D3FA}.Release|Any CPU.Build.0 = Release|Any CPU
		{3FCE395B-7CD7-4F50-A9AA-84CBD2BE7CF9}.Debug|Any CPU.ActiveCfg = Debug|Any CPU
		{3FCE395B-7CD7-4F50-A9AA-84CBD2BE7CF9}.Debug|Any CPU.Build.0 = Debug|Any CPU
		{3FCE395B-7CD7-4F50-A9AA-84CBD2BE7CF9}.Release|Any CPU.ActiveCfg = Release|Any CPU
		{3FCE395B-7CD7-4F50-A9AA-84CBD2BE7CF9}.Release|Any CPU.Build.0 = Release|Any CPU
		{739ADFBC-06F6-4F94-8F03-55EEA07E6F6C}.Debug|Any CPU.ActiveCfg = Debug|Any CPU
		{739ADFBC-06F6-4F94-8F03-55EEA07E6F6C}.Debug|Any CPU.Build.0 = Debug|Any CPU
		{739ADFBC-06F6-4F94-8F03-55EEA07E6F6C}.Release|Any CPU.ActiveCfg = Release|Any CPU
		{739ADFBC-06F6-4F94-8F03-55EEA07E6F6C}.Release|Any CPU.Build.0 = Release|Any CPU
	EndGlobalSection
	GlobalSection(SolutionProperties) = preSolution
		HideSolutionNode = FALSE
	EndGlobalSection
	GlobalSection(ExtensibilityGlobals) = postSolution
		SolutionGuid = {D2ED3CEE-2E7B-4F91-AA55-8858686C2A97}
	EndGlobalSection
EndGlobal
